
Microsoft Visual Studio Solution File, Format Version 12.00
# Visual Studio Version 16
VisualStudioVersion = 16.0.31529.105
MinimumVisualStudioVersion = 10.0.40219.1
Project("{9A19103F-16F7-4668-BE54-9A1E7A4F7556}") = "Microsoft.Azure.ApiManagement.WsdlProcessor.App", "Microsoft.Azure.ApiManagement.WsdlProcessor.App\Microsoft.Azure.ApiManagement.WsdlProcessor.App.csproj", "{4ABFD15B-37F2-4A16-A9A5-A80DC918B0F2}"
EndProject
Project("{9A19103F-16F7-4668-BE54-9A1E7A4F7556}") = "Microsoft.Azure.ApiManagement.WsdlProcessor.Common", "Microsoft.Azure.ApiManagement.WsdlProcessor.Common\Microsoft.Azure.ApiManagement.WsdlProcessor.Common.csproj", "{FFC31B5C-03C1-4303-96C7-E25052186877}"
EndProject
Project("{9A19103F-16F7-4668-BE54-9A1E7A4F7556}") = "TestConsole", "TestConsole\TestConsole.csproj", "{44D72813-AB99-4230-985C-FFD0E40092A5}"
EndProject
Project("{9A19103F-16F7-4668-BE54-9A1E7A4F7556}") = "Microsoft.Azure.ApiManagement.XmlSchemaProcessor.App", "Microsoft.Azure.ApiManagement.XmlSchemaProcessor.App\Microsoft.Azure.ApiManagement.XmlSchemaProcessor.App.csproj", "{5233A8EC-5B87-43AD-B993-655CCC6EB455}"
EndProject
Project("{9A19103F-16F7-4668-BE54-9A1E7A4F7556}") = "Microsoft.Azure.ApiManagement.XmlSchemaProcessor.Common", "Microsoft.Azure.ApiManagement.XmlSchemaProcessor.Common\Microsoft.Azure.ApiManagement.XmlSchemaProcessor.Common.csproj", "{8FC578CA-8FD6-412A-9B46-48152458D816}"
EndProject
Project("{FAE04EC0-301F-11D3-BF4B-00C04F79EFBC}") = "Microsoft.Azure.ApiManagement.XmlSchemaProcessor.TestConsole", "Microsoft.Azure.ApiManagement.XmlSchemaProcessor.TestConsole\Microsoft.Azure.ApiManagement.XmlSchemaProcessor.TestConsole.csproj", "{15848C1D-60C0-456B-8A2A-7ACFA83AFC31}"
EndProject
Project("{FAE04EC0-301F-11D3-BF4B-00C04F79EFBC}") = "Microsoft.Azure.ApiManagement.Common", "Microsoft.Azure.ApiManagement.Common\Microsoft.Azure.ApiManagement.Common.csproj", "{375671A0-1996-4D1B-813F-6F7BBBE5F16B}"
EndProject
Global
	GlobalSection(SolutionConfigurationPlatforms) = preSolution
		Debug|Any CPU = Debug|Any CPU
		Release|Any CPU = Release|Any CPU
	EndGlobalSection
	GlobalSection(ProjectConfigurationPlatforms) = postSolution
		{4ABFD15B-37F2-4A16-A9A5-A80DC918B0F2}.Debug|Any CPU.ActiveCfg = Debug|Any CPU
		{4ABFD15B-37F2-4A16-A9A5-A80DC918B0F2}.Debug|Any CPU.Build.0 = Debug|Any CPU
		{4ABFD15B-37F2-4A16-A9A5-A80DC918B0F2}.Release|Any CPU.ActiveCfg = Release|Any CPU
		{4ABFD15B-37F2-4A16-A9A5-A80DC918B0F2}.Release|Any CPU.Build.0 = Release|Any CPU
		{FFC31B5C-03C1-4303-96C7-E25052186877}.Debug|Any CPU.ActiveCfg = Debug|Any CPU
		{FFC31B5C-03C1-4303-96C7-E25052186877}.Debug|Any CPU.Build.0 = Debug|Any CPU
		{FFC31B5C-03C1-4303-96C7-E25052186877}.Release|Any CPU.ActiveCfg = Release|Any CPU
		{FFC31B5C-03C1-4303-96C7-E25052186877}.Release|Any CPU.Build.0 = Release|Any CPU
		{44D72813-AB99-4230-985C-FFD0E40092A5}.Debug|Any CPU.ActiveCfg = Debug|Any CPU
		{44D72813-AB99-4230-985C-FFD0E40092A5}.Debug|Any CPU.Build.0 = Debug|Any CPU
		{44D72813-AB99-4230-985C-FFD0E40092A5}.Release|Any CPU.ActiveCfg = Release|Any CPU
		{44D72813-AB99-4230-985C-FFD0E40092A5}.Release|Any CPU.Build.0 = Release|Any CPU
		{5233A8EC-5B87-43AD-B993-655CCC6EB455}.Debug|Any CPU.ActiveCfg = Debug|Any CPU
		{5233A8EC-5B87-43AD-B993-655CCC6EB455}.Debug|Any CPU.Build.0 = Debug|Any CPU
		{5233A8EC-5B87-43AD-B993-655CCC6EB455}.Release|Any CPU.ActiveCfg = Release|Any CPU
		{5233A8EC-5B87-43AD-B993-655CCC6EB455}.Release|Any CPU.Build.0 = Release|Any CPU
		{8FC578CA-8FD6-412A-9B46-48152458D816}.Debug|Any CPU.ActiveCfg = Debug|Any CPU
		{8FC578CA-8FD6-412A-9B46-48152458D816}.Debug|Any CPU.Build.0 = Debug|Any CPU
		{8FC578CA-8FD6-412A-9B46-48152458D816}.Release|Any CPU.ActiveCfg = Release|Any CPU
		{8FC578CA-8FD6-412A-9B46-48152458D816}.Release|Any CPU.Build.0 = Release|Any CPU
		{15848C1D-60C0-456B-8A2A-7ACFA83AFC31}.Debug|Any CPU.ActiveCfg = Debug|Any CPU
		{15848C1D-60C0-456B-8A2A-7ACFA83AFC31}.Debug|Any CPU.Build.0 = Debug|Any CPU
		{15848C1D-60C0-456B-8A2A-7ACFA83AFC31}.Release|Any CPU.ActiveCfg = Release|Any CPU
		{15848C1D-60C0-456B-8A2A-7ACFA83AFC31}.Release|Any CPU.Build.0 = Release|Any CPU
		{375671A0-1996-4D1B-813F-6F7BBBE5F16B}.Debug|Any CPU.ActiveCfg = Debug|Any CPU
		{375671A0-1996-4D1B-813F-6F7BBBE5F16B}.Debug|Any CPU.Build.0 = Debug|Any CPU
		{375671A0-1996-4D1B-813F-6F7BBBE5F16B}.Release|Any CPU.ActiveCfg = Release|Any CPU
		{375671A0-1996-4D1B-813F-6F7BBBE5F16B}.Release|Any CPU.Build.0 = Release|Any CPU
	EndGlobalSection
	GlobalSection(SolutionProperties) = preSolution
		HideSolutionNode = FALSE
	EndGlobalSection
	GlobalSection(ExtensibilityGlobals) = postSolution
		SolutionGuid = {605FBF9A-0F9D-4586-AE7E-749C92A40148}
	EndGlobalSection
EndGlobal
